
Microsoft Visual Studio Solution File, Format Version 11.00
# Visual Studio 2010
Project("{FAE04EC0-301F-11D3-BF4B-00C04F79EFBC}") = "JanpanKarate", "Assembly-CSharp.csproj", "{5E875001-0FC4-C01B-8EB7-7CB4A8B9C650}"
EndProject
Global
	GlobalSection(SolutionConfigurationPlatforms) = preSolution
		Debug|Any CPU = Debug|Any CPU
		Release|Any CPU = Release|Any CPU
	EndGlobalSection
	GlobalSection(ProjectConfigurationPlatforms) = postSolution
		{5E875001-0FC4-C01B-8EB7-7CB4A8B9C650}.Debug|Any CPU.ActiveCfg = Debug|Any CPU
		{5E875001-0FC4-C01B-8EB7-7CB4A8B9C650}.Debug|Any CPU.Build.0 = Debug|Any CPU
		{5E875001-0FC4-C01B-8EB7-7CB4A8B9C650}.Release|Any CPU.ActiveCfg = Release|Any CPU
		{5E875001-0FC4-C01B-8EB7-7CB4A8B9C650}.Release|Any CPU.Build.0 = Release|Any CPU
	EndGlobalSection
	GlobalSection(SolutionProperties) = preSolution
		HideSolutionNode = FALSE
	EndGlobalSection
	GlobalSection(MonoDevelopProperties) = preSolution
		StartupItem = Assembly-CSharp.csproj
	EndGlobalSection
EndGlobal
